{
  "name": "frontend",
  "lockfileVersion": 3,
  "requires": true,
  "packages": {
    "": {
      "dependencies": {
        "@angular/animations": "^20.2.4",
        "@angular/cdk": "^20.2.2",
        "@angular/common": "^20.2.4",
        "@angular/forms": "^20.2.4",
        "@angular/material": "^20.2.2",
        "@types/leaflet": "^1.9.20",
        "chart.js": "^4.5.0",
        "leaflet": "^1.9.4",
        "ng2-charts": "^8.0.0",
        "rxjs": "^7.8.2"
      }
    },
    "node_modules/@angular/animations": {
      "version": "20.2.4",
      "resolved": "https://registry.npmjs.org/@angular/animations/-/animations-20.2.4.tgz",
      "integrity": "sha512-mXiTlXZgAF4uYonOt7l2w7uvLLTJEk6jqs3H291bYuoDRM8R166UjN7ygAeBmPiJ4TLMyKGkwMQy3b1Vvw4RQA==",
      "license": "MIT",
      "dependencies": {
        "tslib": "^2.3.0"
      },
      "engines": {
        "node": "^20.19.0 || ^22.12.0 || >=24.0.0"
      },
      "peerDependencies": {
        "@angular/core": "20.2.4"
      }
    },
    "node_modules/@angular/cdk": {
      "version": "20.2.2",
      "resolved": "https://registry.npmjs.org/@angular/cdk/-/cdk-20.2.2.tgz",
      "integrity": "sha512-jLvIMmFI8zoi6vAu1Aszua59GmhqBOtsVfkwLUGg5Hi86DI/inJr9BznNX2EKDtaulYMGZCmDgsltXQXeqP5Lg==",
      "license": "MIT",
      "dependencies": {
        "parse5": "^8.0.0",
        "tslib": "^2.3.0"
      },
      "peerDependencies": {
        "@angular/common": "^20.0.0 || ^21.0.0",
        "@angular/core": "^20.0.0 || ^21.0.0",
        "rxjs": "^6.5.3 || ^7.4.0"
      }
    },
    "node_modules/@angular/common": {
      "version": "20.2.4",
      "resolved": "https://registry.npmjs.org/@angular/common/-/common-20.2.4.tgz",
      "integrity": "sha512-mc6Sq1cYjaPJYThnvG6x0f/E27pWksqwaNJxT1RtwhAGc1i2jsc0su6b7e5NnXEgVbdPqu1MZHAEFdXZ5+/MwQ==",
      "license": "MIT",
      "dependencies": {
        "tslib": "^2.3.0"
      },
      "engines": {
        "node": "^20.19.0 || ^22.12.0 || >=24.0.0"
      },
      "peerDependencies": {
        "@angular/core": "20.2.4",
        "rxjs": "^6.5.3 || ^7.4.0"
      }
    },
    "node_modules/@angular/core": {
      "version": "20.2.4",
      "resolved": "https://registry.npmjs.org/@angular/core/-/core-20.2.4.tgz",
      "integrity": "sha512-8yvfvPDWX8M7o82GBl5P1nlvm1ywQ2XZi5HWj3llKpSJE2XjzhATgPrpKwiNVnpgjZWTOwM11fpoAaRKqQjxTA==",
      "license": "MIT",
      "peer": true,
      "dependencies": {
        "tslib": "^2.3.0"
      },
      "engines": {
        "node": "^20.19.0 || ^22.12.0 || >=24.0.0"
      },
      "peerDependencies": {
        "@angular/compiler": "20.2.4",
        "rxjs": "^6.5.3 || ^7.4.0",
        "zone.js": "~0.15.0"
      },
      "peerDependenciesMeta": {
        "@angular/compiler": {
          "optional": true
        },
        "zone.js": {
          "optional": true
        }
      }
    },
    "node_modules/@angular/forms": {
      "version": "20.2.4",
      "resolved": "https://registry.npmjs.org/@angular/forms/-/forms-20.2.4.tgz",
      "integrity": "sha512-wbgnW+GALVAmK6hgFegkwlHKw35onvh9Z5A236HCyUySEAOiaD/3CoDg5Hw4iHQAiSU6Fn2NwDiv+W0xki6WDw==",
      "license": "MIT",
      "dependencies": {
        "tslib": "^2.3.0"
      },
      "engines": {
        "node": "^20.19.0 || ^22.12.0 || >=24.0.0"
      },
      "peerDependencies": {
        "@angular/common": "20.2.4",
        "@angular/core": "20.2.4",
        "@angular/platform-browser": "20.2.4",
        "rxjs": "^6.5.3 || ^7.4.0"
      }
    },
    "node_modules/@angular/material": {
      "version": "20.2.2",
      "resolved": "https://registry.npmjs.org/@angular/material/-/material-20.2.2.tgz",
      "integrity": "sha512-ovLk6h6XIw3qtSjp2bSqFn7ANYvWOIh2zTrRPdAB78siOpqs11d8YdyD4LUEuUrcZoInNgK7AMJsfldDkHwhnA==",
      "license": "MIT",
      "dependencies": {
        "tslib": "^2.3.0"
      },
      "peerDependencies": {
        "@angular/cdk": "20.2.2",
        "@angular/common": "^20.0.0 || ^21.0.0",
        "@angular/core": "^20.0.0 || ^21.0.0",
        "@angular/forms": "^20.0.0 || ^21.0.0",
        "@angular/platform-browser": "^20.0.0 || ^21.0.0",
        "rxjs": "^6.5.3 || ^7.4.0"
      }
    },
    "node_modules/@angular/platform-browser": {
      "version": "20.2.4",
      "resolved": "https://registry.npmjs.org/@angular/platform-browser/-/platform-browser-20.2.4.tgz",
      "integrity": "sha512-81vzW8xhnJU7AiYJKXLR2MuvawzhRDgwyNkPEep58wty5zNuIUCXdUERJSsXo7m/U2Dg1FUFfqLm4RC2UkqLzA==",
      "license": "MIT",
      "peer": true,
      "dependencies": {
        "tslib": "^2.3.0"
      },
      "engines": {
        "node": "^20.19.0 || ^22.12.0 || >=24.0.0"
      },
      "peerDependencies": {
        "@angular/animations": "20.2.4",
        "@angular/common": "20.2.4",
        "@angular/core": "20.2.4"
      },
      "peerDependenciesMeta": {
        "@angular/animations": {
          "optional": true
        }
      }
    },
    "node_modules/@kurkle/color": {
      "version": "0.3.4",
      "resolved": "https://registry.npmjs.org/@kurkle/color/-/color-0.3.4.tgz",
      "integrity": "sha512-M5UknZPHRu3DEDWoipU6sE8PdkZ6Z/S+v4dD+Ke8IaNlpdSQah50lz1KtcFBa2vsdOnwbbnxJwVM4wty6udA5w==",
      "license": "MIT"
    },
    "node_modules/@types/geojson": {
      "version": "7946.0.16",
      "resolved": "https://registry.npmjs.org/@types/geojson/-/geojson-7946.0.16.tgz",
      "integrity": "sha512-6C8nqWur3j98U6+lXDfTUWIfgvZU+EumvpHKcYjujKH7woYyLj2sUmff0tRhrqM7BohUw7Pz3ZB1jj2gW9Fvmg==",
      "license": "MIT"
    },
    "node_modules/@types/leaflet": {
      "version": "1.9.20",
      "resolved": "https://registry.npmjs.org/@types/leaflet/-/leaflet-1.9.20.tgz",
      "integrity": "sha512-rooalPMlk61LCaLOvBF2VIf9M47HgMQqi5xQ9QRi7c8PkdIe0WrIi5IxXUXQjAdL0c+vcQ01mYWbthzmp9GHWw==",
      "license": "MIT",
      "dependencies": {
        "@types/geojson": "*"
      }
    },
    "node_modules/chart.js": {
      "version": "4.5.0",
      "resolved": "https://registry.npmjs.org/chart.js/-/chart.js-4.5.0.tgz",
      "integrity": "sha512-aYeC/jDgSEx8SHWZvANYMioYMZ2KX02W6f6uVfyteuCGcadDLcYVHdfdygsTQkQ4TKn5lghoojAsPj5pu0SnvQ==",
      "license": "MIT",
      "dependencies": {
        "@kurkle/color": "^0.3.0"
      },
      "engines": {
        "pnpm": ">=8"
      }
    },
    "node_modules/entities": {
      "version": "6.0.1",
      "resolved": "https://registry.npmjs.org/entities/-/entities-6.0.1.tgz",
      "integrity": "sha512-aN97NXWF6AWBTahfVOIrB/NShkzi5H7F9r1s9mD3cDj4Ko5f2qhhVoYMibXF7GlLveb/D2ioWay8lxI97Ven3g==",
      "license": "BSD-2-Clause",
      "engines": {
        "node": ">=0.12"
      },
      "funding": {
        "url": "https://github.com/fb55/entities?sponsor=1"
      }
    },
    "node_modules/leaflet": {
      "version": "1.9.4",
      "resolved": "https://registry.npmjs.org/leaflet/-/leaflet-1.9.4.tgz",
      "integrity": "sha512-nxS1ynzJOmOlHp+iL3FyWqK89GtNL8U8rvlMOsQdTTssxZwCXh8N2NB3GDQOL+YR3XnWyZAxwQixURb+FA74PA==",
      "license": "BSD-2-Clause"
    },
    "node_modules/lodash-es": {
      "version": "4.17.21",
      "resolved": "https://registry.npmjs.org/lodash-es/-/lodash-es-4.17.21.tgz",
      "integrity": "sha512-mKnC+QJ9pWVzv+C4/U3rRsHapFfHvQFoFB92e52xeyGMcX6/OlIl78je1u8vePzYZSkkogMPJ2yjxxsb89cxyw==",
      "license": "MIT"
    },
    "node_modules/ng2-charts": {
      "version": "8.0.0",
      "resolved": "https://registry.npmjs.org/ng2-charts/-/ng2-charts-8.0.0.tgz",
      "integrity": "sha512-nofsNHI2Zt+EAwT+BJBVg0kgOhNo9ukO4CxULlaIi7VwZSr7I1km38kWSoU41Oq6os6qqIh5srnL+CcV+RFPFA==",
      "license": "MIT",
      "dependencies": {
        "lodash-es": "^4.17.15",
        "tslib": "^2.3.0"
      },
      "peerDependencies": {
        "@angular/cdk": ">=19.0.0",
        "@angular/common": ">=19.0.0",
        "@angular/core": ">=19.0.0",
        "@angular/platform-browser": ">=19.0.0",
        "chart.js": "^3.4.0 || ^4.0.0",
        "rxjs": "^6.5.3 || ^7.4.0"
      }
    },
    "node_modules/parse5": {
      "version": "8.0.0",
      "resolved": "https://registry.npmjs.org/parse5/-/parse5-8.0.0.tgz",
      "integrity": "sha512-9m4m5GSgXjL4AjumKzq1Fgfp3Z8rsvjRNbnkVwfu2ImRqE5D0LnY2QfDen18FSY9C573YU5XxSapdHZTZ2WolA==",
      "license": "MIT",
      "dependencies": {
        "entities": "^6.0.0"
      },
      "funding": {
        "url": "https://github.com/inikulin/parse5?sponsor=1"
      }
    },
    "node_modules/rxjs": {
      "version": "7.8.2",
      "resolved": "https://registry.npmjs.org/rxjs/-/rxjs-7.8.2.tgz",
      "integrity": "sha512-dhKf903U/PQZY6boNNtAGdWbG85WAbjT/1xYoZIC7FAY0yWapOBQVsVrDl58W86//e1VpMNBtRV4MaXfdMySFA==",
      "license": "Apache-2.0",
      "dependencies": {
        "tslib": "^2.1.0"
      }
    },
    "node_modules/tslib": {
      "version": "2.8.1",
      "resolved": "https://registry.npmjs.org/tslib/-/tslib-2.8.1.tgz",
      "integrity": "sha512-oJFu94HQb+KVduSUQL7wnpmqnfmLsOA/nAh6b6EH0wCEoK0/mPeXU6c3wKDV83MkOuHPRHtSXKKU99IBazS/2w==",
      "license": "0BSD"
    }
  }
}
